PODS:
  - testA (0.1.2):
    - testA/framework (= 0.1.2)
  - testA/framework (0.1.2)

DEPENDENCIES:
  - testA (from `../`)

EXTERNAL SOURCES:
  testA:
    :path: "../"

SPEC CHECKSUMS:
  testA: e2b3d44d70d66217f8bb1026370385c483dc7404

PODFILE CHECKSUM: 359ae36b3a477d7f8edce800d03689522fb5f3d1

COCOAPODS: 1.10.0
